
Microsoft Visual Studio Solution File, Format Version 12.00
# Visual Studio 15
VisualStudioVersion = 15.0.27130.2020
MinimumVisualStudioVersion = 10.0.40219.1
Project("{9092AA53-FB77-4645-B42D-1CCCA6BD08BD}") = "CS4770", "CS4770.njsproj", "{BF913306-E203-49E4-A4D8-2AFBB388057E}"
EndProject
Global
	GlobalSection(SolutionConfigurationPlatforms) = preSolution
		Debug|Any CPU = Debug|Any CPU
		Release|Any CPU = Release|Any CPU
	EndGlobalSection
	GlobalSection(ProjectConfigurationPlatforms) = postSolution
		{BF913306-E203-49E4-A4D8-2AFBB388057E}.Debug|Any CPU.ActiveCfg = Debug|Any CPU
		{BF913306-E203-49E4-A4D8-2AFBB388057E}.Debug|Any CPU.Build.0 = Debug|Any CPU
		{BF913306-E203-49E4-A4D8-2AFBB388057E}.Release|Any CPU.ActiveCfg = Release|Any CPU
		{BF913306-E203-49E4-A4D8-2AFBB388057E}.Release|Any CPU.Build.0 = Release|Any CPU
	EndGlobalSection
	GlobalSection(SolutionProperties) = preSolution
		HideSolutionNode = FALSE
	EndGlobalSection
	GlobalSection(ExtensibilityGlobals) = postSolution
		SolutionGuid = {5A1656FB-DF97-4C9E-B2E7-AB88BC8553E3}
	EndGlobalSection
EndGlobal
